
Microsoft Visual Studio Solution File, Format Version 12.00
# Visual Studio 14
VisualStudioVersion = 14.0.25420.1
MinimumVisualStudioVersion = 10.0.40219.1
Project("{8BB2217D-0F2D-49D1-97BC-3654ED321F3B}") = "rethinkdb-net", "rethinkdb-net\rethinkdb-net.xproj", "{94482D82-0C83-4287-BE94-C9C69F6236CE}"
EndProject
Project("{8BB2217D-0F2D-49D1-97BC-3654ED321F3B}") = "rethinkdb-net-test", "rethinkdb-net-test\rethinkdb-net-test.xproj", "{05A3753B-3A77-4171-9376-8152A7816700}"
EndProject
Project("{8BB2217D-0F2D-49D1-97BC-3654ED321F3B}") = "rethinkdb-net-appconfig", "rethinkdb-net-appconfig\rethinkdb-net-appconfig.xproj", "{3D464195-BDBC-435C-BDD0-12DE5FFC27EC}"
EndProject
Project("{8BB2217D-0F2D-49D1-97BC-3654ED321F3B}") = "rethinkdb-net-jsonconfig", "rethinkdb-net-jsonconfig\rethinkdb-net-jsonconfig.xproj", "{0009151B-33FE-4873-AC9F-CE9FDCA31FCF}"
EndProject
Global
	GlobalSection(SolutionConfigurationPlatforms) = preSolution
		Debug|Any CPU = Debug|Any CPU
		Release|Any CPU = Release|Any CPU
	EndGlobalSection
	GlobalSection(ProjectConfigurationPlatforms) = postSolution
		{94482D82-0C83-4287-BE94-C9C69F6236CE}.Debug|Any CPU.ActiveCfg = Debug|Any CPU
		{94482D82-0C83-4287-BE94-C9C69F6236CE}.Debug|Any CPU.Build.0 = Debug|Any CPU
		{94482D82-0C83-4287-BE94-C9C69F6236CE}.Release|Any CPU.ActiveCfg = Release|Any CPU
		{94482D82-0C83-4287-BE94-C9C69F6236CE}.Release|Any CPU.Build.0 = Release|Any CPU
		{05A3753B-3A77-4171-9376-8152A7816700}.Debug|Any CPU.ActiveCfg = Debug|Any CPU
		{05A3753B-3A77-4171-9376-8152A7816700}.Debug|Any CPU.Build.0 = Debug|Any CPU
		{05A3753B-3A77-4171-9376-8152A7816700}.Release|Any CPU.ActiveCfg = Release|Any CPU
		{05A3753B-3A77-4171-9376-8152A7816700}.Release|Any CPU.Build.0 = Release|Any CPU
		{3D464195-BDBC-435C-BDD0-12DE5FFC27EC}.Debug|Any CPU.ActiveCfg = Debug|Any CPU
		{3D464195-BDBC-435C-BDD0-12DE5FFC27EC}.Debug|Any CPU.Build.0 = Debug|Any CPU
		{3D464195-BDBC-435C-BDD0-12DE5FFC27EC}.Release|Any CPU.ActiveCfg = Release|Any CPU
		{3D464195-BDBC-435C-BDD0-12DE5FFC27EC}.Release|Any CPU.Build.0 = Release|Any CPU
		{0009151B-33FE-4873-AC9F-CE9FDCA31FCF}.Debug|Any CPU.ActiveCfg = Debug|Any CPU
		{0009151B-33FE-4873-AC9F-CE9FDCA31FCF}.Debug|Any CPU.Build.0 = Debug|Any CPU
		{0009151B-33FE-4873-AC9F-CE9FDCA31FCF}.Release|Any CPU.ActiveCfg = Release|Any CPU
		{0009151B-33FE-4873-AC9F-CE9FDCA31FCF}.Release|Any CPU.Build.0 = Release|Any CPU
	EndGlobalSection
	GlobalSection(SolutionProperties) = preSolution
		HideSolutionNode = FALSE
	EndGlobalSection
EndGlobal
